
Microsoft Visual Studio Solution File, Format Version 12.00
# Visual Studio 15
VisualStudioVersion = 15.0.27703.2042
MinimumVisualStudioVersion = 10.0.40219.1
Project("{FAE04EC0-301F-11D3-BF4B-00C04F79EFBC}") = "LINQPractice", "LINQPractice\LINQPractice.csproj", "{429CA317-EC0E-462F-8AD7-E5534D6F8F92}"
EndProject
Global
	GlobalSection(SolutionConfigurationPlatforms) = preSolution
		Debug|Any CPU = Debug|Any CPU
		Release|Any CPU = Release|Any CPU
	EndGlobalSection
	GlobalSection(ProjectConfigurationPlatforms) = postSolution
		{429CA317-EC0E-462F-8AD7-E5534D6F8F92}.Debug|Any CPU.ActiveCfg = Debug|Any CPU
		{429CA317-EC0E-462F-8AD7-E5534D6F8F92}.Debug|Any CPU.Build.0 = Debug|Any CPU
		{429CA317-EC0E-462F-8AD7-E5534D6F8F92}.Release|Any CPU.ActiveCfg = Release|Any CPU
		{429CA317-EC0E-462F-8AD7-E5534D6F8F92}.Release|Any CPU.Build.0 = Release|Any CPU
	EndGlobalSection
	GlobalSection(SolutionProperties) = preSolution
		HideSolutionNode = FALSE
	EndGlobalSection
	GlobalSection(ExtensibilityGlobals) = postSolution
		SolutionGuid = {57D4F4FA-1FBB-4573-8FF6-A969B1174786}
	EndGlobalSection
EndGlobal
